
Microsoft Visual Studio Solution File, Format Version 12.00
# Visual Studio Version 16
VisualStudioVersion = 16.0.30011.22
MinimumVisualStudioVersion = 10.0.40219.1
Project("{FAE04EC0-301F-11D3-BF4B-00C04F79EFBC}") = "BSK_Grzegorz_Krzyzanski", "BSK_Grzegorz_Krzyzanski\BSK_Grzegorz_Krzyzanski.csproj", "{70AC1BC8-F7DB-432A-860C-A061944F7E73}"
EndProject
Global
	GlobalSection(SolutionConfigurationPlatforms) = preSolution
		Debug|Any CPU = Debug|Any CPU
		Release|Any CPU = Release|Any CPU
	EndGlobalSection
	GlobalSection(ProjectConfigurationPlatforms) = postSolution
		{70AC1BC8-F7DB-432A-860C-A061944F7E73}.Debug|Any CPU.ActiveCfg = Debug|Any CPU
		{70AC1BC8-F7DB-432A-860C-A061944F7E73}.Debug|Any CPU.Build.0 = Debug|Any CPU
		{70AC1BC8-F7DB-432A-860C-A061944F7E73}.Release|Any CPU.ActiveCfg = Release|Any CPU
		{70AC1BC8-F7DB-432A-860C-A061944F7E73}.Release|Any CPU.Build.0 = Release|Any CPU
	EndGlobalSection
	GlobalSection(SolutionProperties) = preSolution
		HideSolutionNode = FALSE
	EndGlobalSection
	GlobalSection(ExtensibilityGlobals) = postSolution
		SolutionGuid = {1D2900E9-F84A-4B32-954E-279FB0C1C084}
	EndGlobalSection
EndGlobal
